
Microsoft Visual Studio Solution File, Format Version 12.00
# Visual Studio Version 16
VisualStudioVersion = 16.0.31112.23
MinimumVisualStudioVersion = 10.0.40219.1
Project("{FAE04EC0-301F-11D3-BF4B-00C04F79EFBC}") = "OrderFrom", "OrderFrom\OrderFrom.csproj", "{36F3B1DB-5503-4E26-92AA-7637710F5F4A}"
EndProject
Project("{FAE04EC0-301F-11D3-BF4B-00C04F79EFBC}") = "OrderManagerFramework", "OrderManagerFramework\OrderManagerFramework.csproj", "{AF04D37F-4DF4-4B7A-A79A-9749749DB293}"
EndProject
Global
	GlobalSection(SolutionConfigurationPlatforms) = preSolution
		Debug|Any CPU = Debug|Any CPU
		Release|Any CPU = Release|Any CPU
	EndGlobalSection
	GlobalSection(ProjectConfigurationPlatforms) = postSolution
		{36F3B1DB-5503-4E26-92AA-7637710F5F4A}.Debug|Any CPU.ActiveCfg = Debug|Any CPU
		{36F3B1DB-5503-4E26-92AA-7637710F5F4A}.Debug|Any CPU.Build.0 = Debug|Any CPU
		{36F3B1DB-5503-4E26-92AA-7637710F5F4A}.Release|Any CPU.ActiveCfg = Release|Any CPU
		{36F3B1DB-5503-4E26-92AA-7637710F5F4A}.Release|Any CPU.Build.0 = Release|Any CPU
		{AF04D37F-4DF4-4B7A-A79A-9749749DB293}.Debug|Any CPU.ActiveCfg = Debug|Any CPU
		{AF04D37F-4DF4-4B7A-A79A-9749749DB293}.Debug|Any CPU.Build.0 = Debug|Any CPU
		{AF04D37F-4DF4-4B7A-A79A-9749749DB293}.Release|Any CPU.ActiveCfg = Release|Any CPU
		{AF04D37F-4DF4-4B7A-A79A-9749749DB293}.Release|Any CPU.Build.0 = Release|Any CPU
	EndGlobalSection
	GlobalSection(SolutionProperties) = preSolution
		HideSolutionNode = FALSE
	EndGlobalSection
	GlobalSection(ExtensibilityGlobals) = postSolution
		SolutionGuid = {ED139485-9DBD-4A0E-BBFC-A1D12C667D96}
	EndGlobalSection
EndGlobal
