
Microsoft Visual Studio Solution File, Format Version 12.00
# Visual Studio Version 16
VisualStudioVersion = 16.0.31112.23
MinimumVisualStudioVersion = 10.0.40219.1
Project("{9A19103F-16F7-4668-BE54-9A1E7A4F7556}") = "OrderUI", "OrderUI\OrderUI.csproj", "{7EDD619D-9B0F-40A8-A95E-8E4A2B82E0CF}"
EndProject
Project("{9A19103F-16F7-4668-BE54-9A1E7A4F7556}") = "OrderManager", "OrderManager\OrderManager.csproj", "{FC20D42C-A3D6-4B33-8B42-C073CEE731C2}"
EndProject
Project("{9A19103F-16F7-4668-BE54-9A1E7A4F7556}") = "OrderManagerTests", "OrderManagerTests\OrderManagerTests.csproj", "{50270140-895E-4FBE-BC39-106C11C7DC70}"
EndProject
Global
	GlobalSection(SolutionConfigurationPlatforms) = preSolution
		Debug|Any CPU = Debug|Any CPU
		Release|Any CPU = Release|Any CPU
	EndGlobalSection
	GlobalSection(ProjectConfigurationPlatforms) = postSolution
		{7EDD619D-9B0F-40A8-A95E-8E4A2B82E0CF}.Debug|Any CPU.ActiveCfg = Debug|Any CPU
		{7EDD619D-9B0F-40A8-A95E-8E4A2B82E0CF}.Debug|Any CPU.Build.0 = Debug|Any CPU
		{7EDD619D-9B0F-40A8-A95E-8E4A2B82E0CF}.Release|Any CPU.ActiveCfg = Release|Any CPU
		{7EDD619D-9B0F-40A8-A95E-8E4A2B82E0CF}.Release|Any CPU.Build.0 = Release|Any CPU
		{FC20D42C-A3D6-4B33-8B42-C073CEE731C2}.Debug|Any CPU.ActiveCfg = Debug|Any CPU
		{FC20D42C-A3D6-4B33-8B42-C073CEE731C2}.Debug|Any CPU.Build.0 = Debug|Any CPU
		{FC20D42C-A3D6-4B33-8B42-C073CEE731C2}.Release|Any CPU.ActiveCfg = Release|Any CPU
		{FC20D42C-A3D6-4B33-8B42-C073CEE731C2}.Release|Any CPU.Build.0 = Release|Any CPU
		{50270140-895E-4FBE-BC39-106C11C7DC70}.Debug|Any CPU.ActiveCfg = Debug|Any CPU
		{50270140-895E-4FBE-BC39-106C11C7DC70}.Debug|Any CPU.Build.0 = Debug|Any CPU
		{50270140-895E-4FBE-BC39-106C11C7DC70}.Release|Any CPU.ActiveCfg = Release|Any CPU
		{50270140-895E-4FBE-BC39-106C11C7DC70}.Release|Any CPU.Build.0 = Release|Any CPU
	EndGlobalSection
	GlobalSection(SolutionProperties) = preSolution
		HideSolutionNode = FALSE
	EndGlobalSection
	GlobalSection(ExtensibilityGlobals) = postSolution
		SolutionGuid = {ED139485-9DBD-4A0E-BBFC-A1D12C667D96}
	EndGlobalSection
EndGlobal
