
Microsoft Visual Studio Solution File, Format Version 12.00
# Visual Studio Version 16
VisualStudioVersion = 16.0.31112.23
MinimumVisualStudioVersion = 10.0.40219.1
Project("{FAE04EC0-301F-11D3-BF4B-00C04F79EFBC}") = "Crawler", "Crawler\Crawler.csproj", "{28F2BF18-1189-4EC2-ACC6-AFADD221F792}"
EndProject
Global
	GlobalSection(SolutionConfigurationPlatforms) = preSolution
		Debug|Any CPU = Debug|Any CPU
		Release|Any CPU = Release|Any CPU
	EndGlobalSection
	GlobalSection(ProjectConfigurationPlatforms) = postSolution
		{28F2BF18-1189-4EC2-ACC6-AFADD221F792}.Debug|Any CPU.ActiveCfg = Debug|Any CPU
		{28F2BF18-1189-4EC2-ACC6-AFADD221F792}.Debug|Any CPU.Build.0 = Debug|Any CPU
		{28F2BF18-1189-4EC2-ACC6-AFADD221F792}.Release|Any CPU.ActiveCfg = Release|Any CPU
		{28F2BF18-1189-4EC2-ACC6-AFADD221F792}.Release|Any CPU.Build.0 = Release|Any CPU
	EndGlobalSection
	GlobalSection(SolutionProperties) = preSolution
		HideSolutionNode = FALSE
	EndGlobalSection
	GlobalSection(ExtensibilityGlobals) = postSolution
		SolutionGuid = {C72CFC50-0AC2-4A58-AC2D-B9F23C58F1D5}
	EndGlobalSection
EndGlobal
